
Microsoft Visual Studio Solution File, Format Version 12.00
# Visual Studio 14
VisualStudioVersion = 14.0.25420.1
MinimumVisualStudioVersion = 10.0.40219.1
Project("{FAE04EC0-301F-11D3-BF4B-00C04F79EFBC}") = "DotNet.Web", "src\DotNet.Web\DotNet.Web.csproj", "{43734ED8-6B8C-41A0-9600-41FD8577F86B}"
EndProject
Project("{2150E333-8FDC-42A3-9474-1A3956D46DE8}") = "DotNet.Auth", "DotNet.Auth", "{30DCF986-80A7-49CD-BB0F-F93D56A6A96E}"
EndProject
Project("{FAE04EC0-301F-11D3-BF4B-00C04F79EFBC}") = "DotNet.Auth.Entity", "src\DotNet.Auth\DotNet.Auth.Entity\DotNet.Auth.Entity.csproj", "{B4777DBD-8963-4153-895E-011F7CE355B5}"
EndProject
Project("{FAE04EC0-301F-11D3-BF4B-00C04F79EFBC}") = "DotNet.Auth.Utility", "src\DotNet.Auth\DotNet.Auth.Utility\DotNet.Auth.Utility.csproj", "{A832C7E2-BD55-41D8-A0E6-E7C406C7231B}"
EndProject
Project("{FAE04EC0-301F-11D3-BF4B-00C04F79EFBC}") = "DotNet.Auth.WebUtility", "src\DotNet.Auth\DotNet.Auth.WebUtility\DotNet.Auth.WebUtility.csproj", "{E2EEFF2F-0E5D-44F5-96EC-5C2F7E15FC3E}"
EndProject
Project("{FAE04EC0-301F-11D3-BF4B-00C04F79EFBC}") = "DotNet.Auth.Service", "src\DotNet.Auth\DotNet.Auth.Service\DotNet.Auth.Service.csproj", "{9B565A89-AD05-4712-AD8E-920EBFD3C113}"
EndProject
Project("{2150E333-8FDC-42A3-9474-1A3956D46DE8}") = "DotNet.Framework", "DotNet.Framework", "{52FA6304-455C-44D2-ADE4-EE44B91C465D}"
EndProject
Project("{FAE04EC0-301F-11D3-BF4B-00C04F79EFBC}") = "DotNet.Utility", "src\DotNet.Framework\DotNet.Utility\DotNet.Utility.csproj", "{786CF068-24A5-46A9-8126-CDD89F558991}"
EndProject
Project("{FAE04EC0-301F-11D3-BF4B-00C04F79EFBC}") = "DotNet.Data", "src\DotNet.Framework\DotNet.Data\DotNet.Data.csproj", "{ED4493C9-A51C-4A3E-8353-9EF1722DF2DE}"
EndProject
Project("{FAE04EC0-301F-11D3-BF4B-00C04F79EFBC}") = "DotNet.Doc", "src\DotNet.Framework\DotNet.Doc\DotNet.Doc.csproj", "{2BB61E1C-2D36-426C-87D3-57298B207509}"
EndProject
Project("{FAE04EC0-301F-11D3-BF4B-00C04F79EFBC}") = "DotNet.Mvc", "src\DotNet.Framework\DotNet.Mvc\DotNet.Mvc.csproj", "{6A790C23-5638-4098-AA0D-EA9D4944749B}"
EndProject
Project("{2150E333-8FDC-42A3-9474-1A3956D46DE8}") = "DotNet.Edu", "DotNet.Edu", "{BA2CC9FC-3F8A-46DE-9F12-2D4CA0842C2F}"
EndProject
Project("{FAE04EC0-301F-11D3-BF4B-00C04F79EFBC}") = "DotNet.Edu.Entity", "src\DotNet.Edu\DotNet.Edu.Entity\DotNet.Edu.Entity.csproj", "{95384CF1-18E8-49D0-B96F-22D0A46C31F2}"
EndProject
Project("{FAE04EC0-301F-11D3-BF4B-00C04F79EFBC}") = "DotNet.Edu.Service", "src\DotNet.Edu\DotNet.Edu.Service\DotNet.Edu.Service.csproj", "{4EF7A03B-4496-4A39-957D-2551932A4ECA}"
EndProject
Project("{FAE04EC0-301F-11D3-BF4B-00C04F79EFBC}") = "DotNet.Edu.WebUtility", "src\DotNet.Edu\DotNet.Edu.WebUtility\DotNet.Edu.WebUtility.csproj", "{B3990CD4-D71A-4C6B-8C56-E10929F7958F}"
EndProject
Project("{FAE04EC0-301F-11D3-BF4B-00C04F79EFBC}") = "DotNet.Edu.Utility", "src\DotNet.Edu\DotNet.Edu.Utility\DotNet.Edu.Utility.csproj", "{87EB08E4-B9F6-43FB-8CD3-A9AB0CB2FCBA}"
EndProject
Project("{FAE04EC0-301F-11D3-BF4B-00C04F79EFBC}") = "DotNet.StudentWeb", "src\DotNet.StudentWeb\DotNet.StudentWeb.csproj", "{6A6DE74E-2D24-402F-A327-80763CB242C3}"
EndProject
Project("{FAE04EC0-301F-11D3-BF4B-00C04F79EFBC}") = "DotNet.StudentWap", "src\DotNet.StudentWap\DotNet.StudentWap.csproj", "{5D10F451-41E6-45CF-A02F-1470A627CCDB}"
EndProject
Project("{FAE04EC0-301F-11D3-BF4B-00C04F79EFBC}") = "DotNet.EduWeb", "src\DotNet.EduWeb\DotNet.EduWeb.csproj", "{EE215514-0BD9-426B-80BF-13007F738451}"
EndProject
Global
	GlobalSection(SolutionConfigurationPlatforms) = preSolution
		Debug|Any CPU = Debug|Any CPU
		Release|Any CPU = Release|Any CPU
	EndGlobalSection
	GlobalSection(ProjectConfigurationPlatforms) = postSolution
		{43734ED8-6B8C-41A0-9600-41FD8577F86B}.Debug|Any CPU.ActiveCfg = Debug|Any CPU
		{43734ED8-6B8C-41A0-9600-41FD8577F86B}.Debug|Any CPU.Build.0 = Debug|Any CPU
		{43734ED8-6B8C-41A0-9600-41FD8577F86B}.Release|Any CPU.ActiveCfg = Release|Any CPU
		{43734ED8-6B8C-41A0-9600-41FD8577F86B}.Release|Any CPU.Build.0 = Release|Any CPU
		{B4777DBD-8963-4153-895E-011F7CE355B5}.Debug|Any CPU.ActiveCfg = Debug|Any CPU
		{B4777DBD-8963-4153-895E-011F7CE355B5}.Debug|Any CPU.Build.0 = Debug|Any CPU
		{B4777DBD-8963-4153-895E-011F7CE355B5}.Release|Any CPU.ActiveCfg = Release|Any CPU
		{B4777DBD-8963-4153-895E-011F7CE355B5}.Release|Any CPU.Build.0 = Release|Any CPU
		{A832C7E2-BD55-41D8-A0E6-E7C406C7231B}.Debug|Any CPU.ActiveCfg = Debug|Any CPU
		{A832C7E2-BD55-41D8-A0E6-E7C406C7231B}.Debug|Any CPU.Build.0 = Debug|Any CPU
		{A832C7E2-BD55-41D8-A0E6-E7C406C7231B}.Release|Any CPU.ActiveCfg = Release|Any CPU
		{A832C7E2-BD55-41D8-A0E6-E7C406C7231B}.Release|Any CPU.Build.0 = Release|Any CPU
		{E2EEFF2F-0E5D-44F5-96EC-5C2F7E15FC3E}.Debug|Any CPU.ActiveCfg = Debug|Any CPU
		{E2EEFF2F-0E5D-44F5-96EC-5C2F7E15FC3E}.Debug|Any CPU.Build.0 = Debug|Any CPU
		{E2EEFF2F-0E5D-44F5-96EC-5C2F7E15FC3E}.Release|Any CPU.ActiveCfg = Release|Any CPU
		{E2EEFF2F-0E5D-44F5-96EC-5C2F7E15FC3E}.Release|Any CPU.Build.0 = Release|Any CPU
		{9B565A89-AD05-4712-AD8E-920EBFD3C113}.Debug|Any CPU.ActiveCfg = Debug|Any CPU
		{9B565A89-AD05-4712-AD8E-920EBFD3C113}.Debug|Any CPU.Build.0 = Debug|Any CPU
		{9B565A89-AD05-4712-AD8E-920EBFD3C113}.Release|Any CPU.ActiveCfg = Release|Any CPU
		{9B565A89-AD05-4712-AD8E-920EBFD3C113}.Release|Any CPU.Build.0 = Release|Any CPU
		{786CF068-24A5-46A9-8126-CDD89F558991}.Debug|Any CPU.ActiveCfg = Debug|Any CPU
		{786CF068-24A5-46A9-8126-CDD89F558991}.Debug|Any CPU.Build.0 = Debug|Any CPU
		{786CF068-24A5-46A9-8126-CDD89F558991}.Release|Any CPU.ActiveCfg = Release|Any CPU
		{786CF068-24A5-46A9-8126-CDD89F558991}.Release|Any CPU.Build.0 = Release|Any CPU
		{ED4493C9-A51C-4A3E-8353-9EF1722DF2DE}.Debug|Any CPU.ActiveCfg = Debug|Any CPU
		{ED4493C9-A51C-4A3E-8353-9EF1722DF2DE}.Debug|Any CPU.Build.0 = Debug|Any CPU
		{ED4493C9-A51C-4A3E-8353-9EF1722DF2DE}.Release|Any CPU.ActiveCfg = Release|Any CPU
		{ED4493C9-A51C-4A3E-8353-9EF1722DF2DE}.Release|Any CPU.Build.0 = Release|Any CPU
		{2BB61E1C-2D36-426C-87D3-57298B207509}.Debug|Any CPU.ActiveCfg = Debug|Any CPU
		{2BB61E1C-2D36-426C-87D3-57298B207509}.Debug|Any CPU.Build.0 = Debug|Any CPU
		{2BB61E1C-2D36-426C-87D3-57298B207509}.Release|Any CPU.ActiveCfg = Release|Any CPU
		{2BB61E1C-2D36-426C-87D3-57298B207509}.Release|Any CPU.Build.0 = Release|Any CPU
		{6A790C23-5638-4098-AA0D-EA9D4944749B}.Debug|Any CPU.ActiveCfg = Debug|Any CPU
		{6A790C23-5638-4098-AA0D-EA9D4944749B}.Debug|Any CPU.Build.0 = Debug|Any CPU
		{6A790C23-5638-4098-AA0D-EA9D4944749B}.Release|Any CPU.ActiveCfg = Release|Any CPU
		{6A790C23-5638-4098-AA0D-EA9D4944749B}.Release|Any CPU.Build.0 = Release|Any CPU
		{95384CF1-18E8-49D0-B96F-22D0A46C31F2}.Debug|Any CPU.ActiveCfg = Debug|Any CPU
		{95384CF1-18E8-49D0-B96F-22D0A46C31F2}.Debug|Any CPU.Build.0 = Debug|Any CPU
		{95384CF1-18E8-49D0-B96F-22D0A46C31F2}.Release|Any CPU.ActiveCfg = Release|Any CPU
		{95384CF1-18E8-49D0-B96F-22D0A46C31F2}.Release|Any CPU.Build.0 = Release|Any CPU
		{4EF7A03B-4496-4A39-957D-2551932A4ECA}.Debug|Any CPU.ActiveCfg = Debug|Any CPU
		{4EF7A03B-4496-4A39-957D-2551932A4ECA}.Debug|Any CPU.Build.0 = Debug|Any CPU
		{4EF7A03B-4496-4A39-957D-2551932A4ECA}.Release|Any CPU.ActiveCfg = Release|Any CPU
		{4EF7A03B-4496-4A39-957D-2551932A4ECA}.Release|Any CPU.Build.0 = Release|Any CPU
		{B3990CD4-D71A-4C6B-8C56-E10929F7958F}.Debug|Any CPU.ActiveCfg = Debug|Any CPU
		{B3990CD4-D71A-4C6B-8C56-E10929F7958F}.Debug|Any CPU.Build.0 = Debug|Any CPU
		{B3990CD4-D71A-4C6B-8C56-E10929F7958F}.Release|Any CPU.ActiveCfg = Release|Any CPU
		{B3990CD4-D71A-4C6B-8C56-E10929F7958F}.Release|Any CPU.Build.0 = Release|Any CPU
		{87EB08E4-B9F6-43FB-8CD3-A9AB0CB2FCBA}.Debug|Any CPU.ActiveCfg = Debug|Any CPU
		{87EB08E4-B9F6-43FB-8CD3-A9AB0CB2FCBA}.Debug|Any CPU.Build.0 = Debug|Any CPU
		{87EB08E4-B9F6-43FB-8CD3-A9AB0CB2FCBA}.Release|Any CPU.ActiveCfg = Release|Any CPU
		{87EB08E4-B9F6-43FB-8CD3-A9AB0CB2FCBA}.Release|Any CPU.Build.0 = Release|Any CPU
		{6A6DE74E-2D24-402F-A327-80763CB242C3}.Debug|Any CPU.ActiveCfg = Debug|Any CPU
		{6A6DE74E-2D24-402F-A327-80763CB242C3}.Debug|Any CPU.Build.0 = Debug|Any CPU
		{6A6DE74E-2D24-402F-A327-80763CB242C3}.Release|Any CPU.ActiveCfg = Release|Any CPU
		{6A6DE74E-2D24-402F-A327-80763CB242C3}.Release|Any CPU.Build.0 = Release|Any CPU
		{5D10F451-41E6-45CF-A02F-1470A627CCDB}.Debug|Any CPU.ActiveCfg = Debug|Any CPU
		{5D10F451-41E6-45CF-A02F-1470A627CCDB}.Debug|Any CPU.Build.0 = Debug|Any CPU
		{5D10F451-41E6-45CF-A02F-1470A627CCDB}.Release|Any CPU.ActiveCfg = Release|Any CPU
		{5D10F451-41E6-45CF-A02F-1470A627CCDB}.Release|Any CPU.Build.0 = Release|Any CPU
		{EE215514-0BD9-426B-80BF-13007F738451}.Debug|Any CPU.ActiveCfg = Debug|Any CPU
		{EE215514-0BD9-426B-80BF-13007F738451}.Debug|Any CPU.Build.0 = Debug|Any CPU
		{EE215514-0BD9-426B-80BF-13007F738451}.Release|Any CPU.ActiveCfg = Release|Any CPU
		{EE215514-0BD9-426B-80BF-13007F738451}.Release|Any CPU.Build.0 = Release|Any CPU
	EndGlobalSection
	GlobalSection(SolutionProperties) = preSolution
		HideSolutionNode = FALSE
	EndGlobalSection
	GlobalSection(NestedProjects) = preSolution
		{B4777DBD-8963-4153-895E-011F7CE355B5} = {30DCF986-80A7-49CD-BB0F-F93D56A6A96E}
		{A832C7E2-BD55-41D8-A0E6-E7C406C7231B} = {30DCF986-80A7-49CD-BB0F-F93D56A6A96E}
		{E2EEFF2F-0E5D-44F5-96EC-5C2F7E15FC3E} = {30DCF986-80A7-49CD-BB0F-F93D56A6A96E}
		{9B565A89-AD05-4712-AD8E-920EBFD3C113} = {30DCF986-80A7-49CD-BB0F-F93D56A6A96E}
		{786CF068-24A5-46A9-8126-CDD89F558991} = {52FA6304-455C-44D2-ADE4-EE44B91C465D}
		{ED4493C9-A51C-4A3E-8353-9EF1722DF2DE} = {52FA6304-455C-44D2-ADE4-EE44B91C465D}
		{2BB61E1C-2D36-426C-87D3-57298B207509} = {52FA6304-455C-44D2-ADE4-EE44B91C465D}
		{6A790C23-5638-4098-AA0D-EA9D4944749B} = {52FA6304-455C-44D2-ADE4-EE44B91C465D}
		{95384CF1-18E8-49D0-B96F-22D0A46C31F2} = {BA2CC9FC-3F8A-46DE-9F12-2D4CA0842C2F}
		{4EF7A03B-4496-4A39-957D-2551932A4ECA} = {BA2CC9FC-3F8A-46DE-9F12-2D4CA0842C2F}
		{B3990CD4-D71A-4C6B-8C56-E10929F7958F} = {BA2CC9FC-3F8A-46DE-9F12-2D4CA0842C2F}
		{87EB08E4-B9F6-43FB-8CD3-A9AB0CB2FCBA} = {BA2CC9FC-3F8A-46DE-9F12-2D4CA0842C2F}
	EndGlobalSection
EndGlobal
